
Microsoft Visual Studio Solution File, Format Version 12.00
# Visual Studio 15
VisualStudioVersion = 15.0.28010.2003
MinimumVisualStudioVersion = 10.0.40219.1
Project("{9092AA53-FB77-4645-B42D-1CCCA6BD08BD}") = "PoGo-PvP-Rankings", "PoGo-PvP-Rankings\PoGo-PvP-Rankings.njsproj", "{BAFB37F9-8BC8-4DFF-959F-6FF5C01BE987}"
EndProject
Global
	GlobalSection(SolutionConfigurationPlatforms) = preSolution
		Debug|Any CPU = Debug|Any CPU
		Release|Any CPU = Release|Any CPU
	EndGlobalSection
	GlobalSection(ProjectConfigurationPlatforms) = postSolution
		{BAFB37F9-8BC8-4DFF-959F-6FF5C01BE987}.Debug|Any CPU.ActiveCfg = Debug|Any CPU
		{BAFB37F9-8BC8-4DFF-959F-6FF5C01BE987}.Debug|Any CPU.Build.0 = Debug|Any CPU
		{BAFB37F9-8BC8-4DFF-959F-6FF5C01BE987}.Release|Any CPU.ActiveCfg = Release|Any CPU
		{BAFB37F9-8BC8-4DFF-959F-6FF5C01BE987}.Release|Any CPU.Build.0 = Release|Any CPU
	EndGlobalSection
	GlobalSection(SolutionProperties) = preSolution
		HideSolutionNode = FALSE
	EndGlobalSection
	GlobalSection(ExtensibilityGlobals) = postSolution
		SolutionGuid = {1AA68C94-2780-419D-A386-A8BE1242E9D9}
	EndGlobalSection
EndGlobal
